
Microsoft Visual Studio Solution File, Format Version 12.00
# Visual Studio Version 16
VisualStudioVersion = 16.0.31729.503
MinimumVisualStudioVersion = 10.0.40219.1
Project("{FAE04EC0-301F-11D3-BF4B-00C04F79EFBC}") = "03112021", "03112021\03112021.csproj", "{FB3D450D-5658-4867-B2C2-4B40B166FA51}"
EndProject
Project("{FAE04EC0-301F-11D3-BF4B-00C04F79EFBC}") = "MyClassLibrary", "MyClassLibrary\MyClassLibrary.csproj", "{9ABE4D8F-2609-4547-B99E-A42B182210D1}"
EndProject
Global
	GlobalSection(SolutionConfigurationPlatforms) = preSolution
		Debug|Any CPU = Debug|Any CPU
		Release|Any CPU = Release|Any CPU
	EndGlobalSection
	GlobalSection(ProjectConfigurationPlatforms) = postSolution
		{FB3D450D-5658-4867-B2C2-4B40B166FA51}.Debug|Any CPU.ActiveCfg = Debug|Any CPU
		{FB3D450D-5658-4867-B2C2-4B40B166FA51}.Debug|Any CPU.Build.0 = Debug|Any CPU
		{FB3D450D-5658-4867-B2C2-4B40B166FA51}.Release|Any CPU.ActiveCfg = Release|Any CPU
		{FB3D450D-5658-4867-B2C2-4B40B166FA51}.Release|Any CPU.Build.0 = Release|Any CPU
		{9ABE4D8F-2609-4547-B99E-A42B182210D1}.Debug|Any CPU.ActiveCfg = Debug|Any CPU
		{9ABE4D8F-2609-4547-B99E-A42B182210D1}.Debug|Any CPU.Build.0 = Debug|Any CPU
		{9ABE4D8F-2609-4547-B99E-A42B182210D1}.Release|Any CPU.ActiveCfg = Release|Any CPU
		{9ABE4D8F-2609-4547-B99E-A42B182210D1}.Release|Any CPU.Build.0 = Release|Any CPU
	EndGlobalSection
	GlobalSection(SolutionProperties) = preSolution
		HideSolutionNode = FALSE
	EndGlobalSection
	GlobalSection(ExtensibilityGlobals) = postSolution
		SolutionGuid = {EA207650-EDFD-49AC-BB24-A4E3A327F99C}
	EndGlobalSection
EndGlobal
